dependencies:
  espressif/esp-nn:
    component_hash: b32869798bdb40dec6bc99caca48cd65d42f8a9f506b9ab9c598a076f891ede9
    source:
      service_url: https://api.components.espressif.com/
      type: service
    version: 1.0.2
  espressif/esp-tflite-micro:
    component_hash: ffe40b7edc5f407f82a55047b7269c036c25106ff830fb9b3231f3b7fecb4915
    source:
      service_url: https://api.components.espressif.com/
      type: service
    version: 1.2.0
  idf:
    component_hash: null
    source:
      type: idf
    version: 5.1.2
manifest_hash: 14076cf9d157b2a00b412cf57f198cd0d4ab8be1768c7e6cba59035f0c0f86a7
target: esp32
version: 1.0.0
